
Microsoft Visual Studio Solution File, Format Version 12.00
# Visual Studio Version 16
VisualStudioVersion = 16.0.33927.289
MinimumVisualStudioVersion = 10.0.40219.1
Project("{2150E333-8FDC-42A3-9474-1A3956D46DE8}") = "Task0", "Task0", "{6DBA6F2C-3736-4091-8651-A5CF1FE4CBB0}"
EndProject
Project("{FAE04EC0-301F-11D3-BF4B-00C04F79EFBC}") = "Tyuiu.AleevRI.Sprint2.Task0.V18", "Tyuiu.AleevRI.Sprint2.Task0.V18\Tyuiu.AleevRI.Sprint2.Task0.V18.csproj", "{91DAF8A7-BFCC-49B1-88E7-0DC1E0491BF0}"
EndProject
Project("{FAE04EC0-301F-11D3-BF4B-00C04F79EFBC}") = "Tyuiu.AleevRI.Sprint2.Task0.V18.Lib", "Tyuiu.AleevRI.Sprint2.Task0.V18.Lib\Tyuiu.AleevRI.Sprint2.Task0.V18.Lib.csproj", "{75D8092E-00BD-4D64-A59C-5FFF78FACFCE}"
EndProject
Project("{FAE04EC0-301F-11D3-BF4B-00C04F79EFBC}") = "Tyuiu.AleevRI.Sprint2.Task0.V18.Test", "Tyuiu.AleevRI.Sprint2.Task0.V18.Test\Tyuiu.AleevRI.Sprint2.Task0.V18.Test.csproj", "{6BBACA62-7B37-473D-935C-801B1B49546E}"
EndProject
Project("{2150E333-8FDC-42A3-9474-1A3956D46DE8}") = "Task1", "Task1", "{BA2C8283-91B9-4EDD-BF16-0426B7730170}"
EndProject
Project("{FAE04EC0-301F-11D3-BF4B-00C04F79EFBC}") = "Tyuiu.AleevRI.Sprint2.Task1.V14", "Tyuiu.AleevRI.Sprint2.Task1.V14\Tyuiu.AleevRI.Sprint2.Task1.V14.csproj", "{89752429-802B-4D05-9594-A92DA6D7517C}"
EndProject
Project("{FAE04EC0-301F-11D3-BF4B-00C04F79EFBC}") = "Tyuiu.AleevRI.Sprint2.Task1.V14.Lib", "Tyuiu.AleevRI.Sprint2.Task1.V14.Lib\Tyuiu.AleevRI.Sprint2.Task1.V14.Lib.csproj", "{094CEA87-94FE-4CCD-A636-433E99B084D7}"
EndProject
Project("{FAE04EC0-301F-11D3-BF4B-00C04F79EFBC}") = "Tyuiu.AleevRI.Sprint2.Task1.V14.Test", "Tyuiu.AleevRI.Sprint2.Task1.V14.Test\Tyuiu.AleevRI.Sprint2.Task1.V14.Test.csproj", "{342CE80F-0334-4F97-8A93-7ACD8ED9FCED}"
EndProject
Project("{2150E333-8FDC-42A3-9474-1A3956D46DE8}") = "Task2", "Task2", "{D233ED8B-B5C7-457F-AA59-642AD3892548}"
EndProject
Project("{FAE04EC0-301F-11D3-BF4B-00C04F79EFBC}") = "Tyuiu.AleevRI.Sprint2.Task2.V14", "Tyuiu.AleevRI.Sprint2.Task2.V14\Tyuiu.AleevRI.Sprint2.Task2.V14.csproj", "{D9687FB4-1A35-4B81-91FD-043721F96C00}"
EndProject
Project("{FAE04EC0-301F-11D3-BF4B-00C04F79EFBC}") = "Tyuiu.AleevRI.Sprint2.Task2.V14.Lib", "Tyuiu.AleevRI.Sprint2.Task2.V14.Lib\Tyuiu.AleevRI.Sprint2.Task2.V14.Lib.csproj", "{01288A26-329C-437B-A9D4-5FB5B0CD40DA}"
EndProject
Project("{FAE04EC0-301F-11D3-BF4B-00C04F79EFBC}") = "Tyuiu.AleevRI.Sprint2.Task2.V14.Test", "Tyuiu.AleevRI.Sprint2.Task2.V14.Test\Tyuiu.AleevRI.Sprint2.Task2.V14.Test.csproj", "{0186C9E4-309C-4ADD-A762-87066ACE318B}"
EndProject
Project("{2150E333-8FDC-42A3-9474-1A3956D46DE8}") = "Task3", "Task3", "{428B59EA-5A02-4ECA-8E72-24D605B988AF}"
EndProject
Project("{FAE04EC0-301F-11D3-BF4B-00C04F79EFBC}") = "Tyuiu.AleevRI.Sprint2.Task3.V8", "Tyuiu.AleevRI.Sprint2.Task3.V8\Tyuiu.AleevRI.Sprint2.Task3.V8.csproj", "{980C9932-8E7D-4E81-A8DE-829305C6176F}"
EndProject
Project("{FAE04EC0-301F-11D3-BF4B-00C04F79EFBC}") = "Tyuiu.AleevRI.Sprint2.Task3.V8.Lib", "Tyuiu.AleevRI.Sprint2.Task3.V8.Lib\Tyuiu.AleevRI.Sprint2.Task3.V8.Lib.csproj", "{29875DDB-55DD-4C33-8781-7738017E2F2D}"
EndProject
Project("{FAE04EC0-301F-11D3-BF4B-00C04F79EFBC}") = "Tyuiu.AleevRI.Sprint2.Task3.V8.Test", "Tyuiu.AleevRI.Sprint2.Task3.V8.Test\Tyuiu.AleevRI.Sprint2.Task3.V8.Test.csproj", "{1B0DB250-3E9E-470A-B9CF-DCA890BB6F19}"
EndProject
Global
	GlobalSection(SolutionConfigurationPlatforms) = preSolution
		Debug|Any CPU = Debug|Any CPU
		Release|Any CPU = Release|Any CPU
	EndGlobalSection
	GlobalSection(ProjectConfigurationPlatforms) = postSolution
		{91DAF8A7-BFCC-49B1-88E7-0DC1E0491BF0}.Debug|Any CPU.ActiveCfg = Debug|Any CPU
		{91DAF8A7-BFCC-49B1-88E7-0DC1E0491BF0}.Debug|Any CPU.Build.0 = Debug|Any CPU
		{91DAF8A7-BFCC-49B1-88E7-0DC1E0491BF0}.Release|Any CPU.ActiveCfg = Release|Any CPU
		{91DAF8A7-BFCC-49B1-88E7-0DC1E0491BF0}.Release|Any CPU.Build.0 = Release|Any CPU
		{75D8092E-00BD-4D64-A59C-5FFF78FACFCE}.Debug|Any CPU.ActiveCfg = Debug|Any CPU
		{75D8092E-00BD-4D64-A59C-5FFF78FACFCE}.Debug|Any CPU.Build.0 = Debug|Any CPU
		{75D8092E-00BD-4D64-A59C-5FFF78FACFCE}.Release|Any CPU.ActiveCfg = Release|Any CPU
		{75D8092E-00BD-4D64-A59C-5FFF78FACFCE}.Release|Any CPU.Build.0 = Release|Any CPU
		{6BBACA62-7B37-473D-935C-801B1B49546E}.Debug|Any CPU.ActiveCfg = Debug|Any CPU
		{6BBACA62-7B37-473D-935C-801B1B49546E}.Debug|Any CPU.Build.0 = Debug|Any CPU
		{6BBACA62-7B37-473D-935C-801B1B49546E}.Release|Any CPU.ActiveCfg = Release|Any CPU
		{6BBACA62-7B37-473D-935C-801B1B49546E}.Release|Any CPU.Build.0 = Release|Any CPU
		{89752429-802B-4D05-9594-A92DA6D7517C}.Debug|Any CPU.ActiveCfg = Debug|Any CPU
		{89752429-802B-4D05-9594-A92DA6D7517C}.Debug|Any CPU.Build.0 = Debug|Any CPU
		{89752429-802B-4D05-9594-A92DA6D7517C}.Release|Any CPU.ActiveCfg = Release|Any CPU
		{89752429-802B-4D05-9594-A92DA6D7517C}.Release|Any CPU.Build.0 = Release|Any CPU
		{094CEA87-94FE-4CCD-A636-433E99B084D7}.Debug|Any CPU.ActiveCfg = Debug|Any CPU
		{094CEA87-94FE-4CCD-A636-433E99B084D7}.Debug|Any CPU.Build.0 = Debug|Any CPU
		{094CEA87-94FE-4CCD-A636-433E99B084D7}.Release|Any CPU.ActiveCfg = Release|Any CPU
		{094CEA87-94FE-4CCD-A636-433E99B084D7}.Release|Any CPU.Build.0 = Release|Any CPU
		{342CE80F-0334-4F97-8A93-7ACD8ED9FCED}.Debug|Any CPU.ActiveCfg = Debug|Any CPU
		{342CE80F-0334-4F97-8A93-7ACD8ED9FCED}.Debug|Any CPU.Build.0 = Debug|Any CPU
		{342CE80F-0334-4F97-8A93-7ACD8ED9FCED}.Release|Any CPU.ActiveCfg = Release|Any CPU
		{342CE80F-0334-4F97-8A93-7ACD8ED9FCED}.Release|Any CPU.Build.0 = Release|Any CPU
		{D9687FB4-1A35-4B81-91FD-043721F96C00}.Debug|Any CPU.ActiveCfg = Debug|Any CPU
		{D9687FB4-1A35-4B81-91FD-043721F96C00}.Debug|Any CPU.Build.0 = Debug|Any CPU
		{D9687FB4-1A35-4B81-91FD-043721F96C00}.Release|Any CPU.ActiveCfg = Release|Any CPU
		{D9687FB4-1A35-4B81-91FD-043721F96C00}.Release|Any CPU.Build.0 = Release|Any CPU
		{01288A26-329C-437B-A9D4-5FB5B0CD40DA}.Debug|Any CPU.ActiveCfg = Debug|Any CPU
		{01288A26-329C-437B-A9D4-5FB5B0CD40DA}.Debug|Any CPU.Build.0 = Debug|Any CPU
		{01288A26-329C-437B-A9D4-5FB5B0CD40DA}.Release|Any CPU.ActiveCfg = Release|Any CPU
		{01288A26-329C-437B-A9D4-5FB5B0CD40DA}.Release|Any CPU.Build.0 = Release|Any CPU
		{0186C9E4-309C-4ADD-A762-87066ACE318B}.Debug|Any CPU.ActiveCfg = Debug|Any CPU
		{0186C9E4-309C-4ADD-A762-87066ACE318B}.Debug|Any CPU.Build.0 = Debug|Any CPU
		{0186C9E4-309C-4ADD-A762-87066ACE318B}.Release|Any CPU.ActiveCfg = Release|Any CPU
		{0186C9E4-309C-4ADD-A762-87066ACE318B}.Release|Any CPU.Build.0 = Release|Any CPU
		{980C9932-8E7D-4E81-A8DE-829305C6176F}.Debug|Any CPU.ActiveCfg = Debug|Any CPU
		{980C9932-8E7D-4E81-A8DE-829305C6176F}.Debug|Any CPU.Build.0 = Debug|Any CPU
		{980C9932-8E7D-4E81-A8DE-829305C6176F}.Release|Any CPU.ActiveCfg = Release|Any CPU
		{980C9932-8E7D-4E81-A8DE-829305C6176F}.Release|Any CPU.Build.0 = Release|Any CPU
		{29875DDB-55DD-4C33-8781-7738017E2F2D}.Debug|Any CPU.ActiveCfg = Debug|Any CPU
		{29875DDB-55DD-4C33-8781-7738017E2F2D}.Debug|Any CPU.Build.0 = Debug|Any CPU
		{29875DDB-55DD-4C33-8781-7738017E2F2D}.Release|Any CPU.ActiveCfg = Release|Any CPU
		{29875DDB-55DD-4C33-8781-7738017E2F2D}.Release|Any CPU.Build.0 = Release|Any CPU
		{1B0DB250-3E9E-470A-B9CF-DCA890BB6F19}.Debug|Any CPU.ActiveCfg = Debug|Any CPU
		{1B0DB250-3E9E-470A-B9CF-DCA890BB6F19}.Debug|Any CPU.Build.0 = Debug|Any CPU
		{1B0DB250-3E9E-470A-B9CF-DCA890BB6F19}.Release|Any CPU.ActiveCfg = Release|Any CPU
		{1B0DB250-3E9E-470A-B9CF-DCA890BB6F19}.Release|Any CPU.Build.0 = Release|Any CPU
	EndGlobalSection
	GlobalSection(SolutionProperties) = preSolution
		HideSolutionNode = FALSE
	EndGlobalSection
	GlobalSection(NestedProjects) = preSolution
		{91DAF8A7-BFCC-49B1-88E7-0DC1E0491BF0} = {6DBA6F2C-3736-4091-8651-A5CF1FE4CBB0}
		{75D8092E-00BD-4D64-A59C-5FFF78FACFCE} = {6DBA6F2C-3736-4091-8651-A5CF1FE4CBB0}
		{6BBACA62-7B37-473D-935C-801B1B49546E} = {6DBA6F2C-3736-4091-8651-A5CF1FE4CBB0}
		{89752429-802B-4D05-9594-A92DA6D7517C} = {BA2C8283-91B9-4EDD-BF16-0426B7730170}
		{094CEA87-94FE-4CCD-A636-433E99B084D7} = {BA2C8283-91B9-4EDD-BF16-0426B7730170}
		{342CE80F-0334-4F97-8A93-7ACD8ED9FCED} = {BA2C8283-91B9-4EDD-BF16-0426B7730170}
		{D9687FB4-1A35-4B81-91FD-043721F96C00} = {D233ED8B-B5C7-457F-AA59-642AD3892548}
		{01288A26-329C-437B-A9D4-5FB5B0CD40DA} = {D233ED8B-B5C7-457F-AA59-642AD3892548}
		{0186C9E4-309C-4ADD-A762-87066ACE318B} = {D233ED8B-B5C7-457F-AA59-642AD3892548}
		{980C9932-8E7D-4E81-A8DE-829305C6176F} = {428B59EA-5A02-4ECA-8E72-24D605B988AF}
		{29875DDB-55DD-4C33-8781-7738017E2F2D} = {428B59EA-5A02-4ECA-8E72-24D605B988AF}
		{1B0DB250-3E9E-470A-B9CF-DCA890BB6F19} = {428B59EA-5A02-4ECA-8E72-24D605B988AF}
	EndGlobalSection
	GlobalSection(ExtensibilityGlobals) = postSolution
		SolutionGuid = {2B900BA3-381D-45A4-8374-F193D2EF37CE}
	EndGlobalSection
EndGlobal
