
Microsoft Visual Studio Solution File, Format Version 12.00
# Visual Studio Version 16
VisualStudioVersion = 16.0.33927.289
MinimumVisualStudioVersion = 10.0.40219.1
Project("{2150E333-8FDC-42A3-9474-1A3956D46DE8}") = "Task0", "Task0", "{6DBA6F2C-3736-4091-8651-A5CF1FE4CBB0}"
EndProject
Project("{FAE04EC0-301F-11D3-BF4B-00C04F79EFBC}") = "Tyuiu.AleevRI.Sprint2.Task0.V18", "Tyuiu.AleevRI.Sprint2.Task0.V18\Tyuiu.AleevRI.Sprint2.Task0.V18.csproj", "{91DAF8A7-BFCC-49B1-88E7-0DC1E0491BF0}"
EndProject
Project("{FAE04EC0-301F-11D3-BF4B-00C04F79EFBC}") = "Tyuiu.AleevRI.Sprint2.Task0.V18.Lib", "Tyuiu.AleevRI.Sprint2.Task0.V18.Lib\Tyuiu.AleevRI.Sprint2.Task0.V18.Lib.csproj", "{75D8092E-00BD-4D64-A59C-5FFF78FACFCE}"
EndProject
Project("{FAE04EC0-301F-11D3-BF4B-00C04F79EFBC}") = "Tyuiu.AleevRI.Sprint2.Task0.V18.Test", "Tyuiu.AleevRI.Sprint2.Task0.V18.Test\Tyuiu.AleevRI.Sprint2.Task0.V18.Test.csproj", "{6BBACA62-7B37-473D-935C-801B1B49546E}"
EndProject
Project("{2150E333-8FDC-42A3-9474-1A3956D46DE8}") = "Task1", "Task1", "{BA2C8283-91B9-4EDD-BF16-0426B7730170}"
EndProject
Project("{FAE04EC0-301F-11D3-BF4B-00C04F79EFBC}") = "Tyuiu.AleevRI.Sprint2.Task1.V14", "Tyuiu.AleevRI.Sprint2.Task1.V14\Tyuiu.AleevRI.Sprint2.Task1.V14.csproj", "{89752429-802B-4D05-9594-A92DA6D7517C}"
EndProject
Project("{FAE04EC0-301F-11D3-BF4B-00C04F79EFBC}") = "Tyuiu.AleevRI.Sprint2.Task1.V14.Lib", "Tyuiu.AleevRI.Sprint2.Task1.V14.Lib\Tyuiu.AleevRI.Sprint2.Task1.V14.Lib.csproj", "{094CEA87-94FE-4CCD-A636-433E99B084D7}"
EndProject
Project("{FAE04EC0-301F-11D3-BF4B-00C04F79EFBC}") = "Tyuiu.AleevRI.Sprint2.Task1.V14.Test", "Tyuiu.AleevRI.Sprint2.Task1.V14.Test\Tyuiu.AleevRI.Sprint2.Task1.V14.Test.csproj", "{342CE80F-0334-4F97-8A93-7ACD8ED9FCED}"
EndProject
Global
	GlobalSection(SolutionConfigurationPlatforms) = preSolution
		Debug|Any CPU = Debug|Any CPU
		Release|Any CPU = Release|Any CPU
	EndGlobalSection
	GlobalSection(ProjectConfigurationPlatforms) = postSolution
		{91DAF8A7-BFCC-49B1-88E7-0DC1E0491BF0}.Debug|Any CPU.ActiveCfg = Debug|Any CPU
		{91DAF8A7-BFCC-49B1-88E7-0DC1E0491BF0}.Debug|Any CPU.Build.0 = Debug|Any CPU
		{91DAF8A7-BFCC-49B1-88E7-0DC1E0491BF0}.Release|Any CPU.ActiveCfg = Release|Any CPU
		{91DAF8A7-BFCC-49B1-88E7-0DC1E0491BF0}.Release|Any CPU.Build.0 = Release|Any CPU
		{75D8092E-00BD-4D64-A59C-5FFF78FACFCE}.Debug|Any CPU.ActiveCfg = Debug|Any CPU
		{75D8092E-00BD-4D64-A59C-5FFF78FACFCE}.Debug|Any CPU.Build.0 = Debug|Any CPU
		{75D8092E-00BD-4D64-A59C-5FFF78FACFCE}.Release|Any CPU.ActiveCfg = Release|Any CPU
		{75D8092E-00BD-4D64-A59C-5FFF78FACFCE}.Release|Any CPU.Build.0 = Release|Any CPU
		{6BBACA62-7B37-473D-935C-801B1B49546E}.Debug|Any CPU.ActiveCfg = Debug|Any CPU
		{6BBACA62-7B37-473D-935C-801B1B49546E}.Debug|Any CPU.Build.0 = Debug|Any CPU
		{6BBACA62-7B37-473D-935C-801B1B49546E}.Release|Any CPU.ActiveCfg = Release|Any CPU
		{6BBACA62-7B37-473D-935C-801B1B49546E}.Release|Any CPU.Build.0 = Release|Any CPU
		{89752429-802B-4D05-9594-A92DA6D7517C}.Debug|Any CPU.ActiveCfg = Debug|Any CPU
		{89752429-802B-4D05-9594-A92DA6D7517C}.Debug|Any CPU.Build.0 = Debug|Any CPU
		{89752429-802B-4D05-9594-A92DA6D7517C}.Release|Any CPU.ActiveCfg = Release|Any CPU
		{89752429-802B-4D05-9594-A92DA6D7517C}.Release|Any CPU.Build.0 = Release|Any CPU
		{094CEA87-94FE-4CCD-A636-433E99B084D7}.Debug|Any CPU.ActiveCfg = Debug|Any CPU
		{094CEA87-94FE-4CCD-A636-433E99B084D7}.Debug|Any CPU.Build.0 = Debug|Any CPU
		{094CEA87-94FE-4CCD-A636-433E99B084D7}.Release|Any CPU.ActiveCfg = Release|Any CPU
		{094CEA87-94FE-4CCD-A636-433E99B084D7}.Release|Any CPU.Build.0 = Release|Any CPU
		{342CE80F-0334-4F97-8A93-7ACD8ED9FCED}.Debug|Any CPU.ActiveCfg = Debug|Any CPU
		{342CE80F-0334-4F97-8A93-7ACD8ED9FCED}.Debug|Any CPU.Build.0 = Debug|Any CPU
		{342CE80F-0334-4F97-8A93-7ACD8ED9FCED}.Release|Any CPU.ActiveCfg = Release|Any CPU
		{342CE80F-0334-4F97-8A93-7ACD8ED9FCED}.Release|Any CPU.Build.0 = Release|Any CPU
	EndGlobalSection
	GlobalSection(SolutionProperties) = preSolution
		HideSolutionNode = FALSE
	EndGlobalSection
	GlobalSection(NestedProjects) = preSolution
		{91DAF8A7-BFCC-49B1-88E7-0DC1E0491BF0} = {6DBA6F2C-3736-4091-8651-A5CF1FE4CBB0}
		{75D8092E-00BD-4D64-A59C-5FFF78FACFCE} = {6DBA6F2C-3736-4091-8651-A5CF1FE4CBB0}
		{6BBACA62-7B37-473D-935C-801B1B49546E} = {6DBA6F2C-3736-4091-8651-A5CF1FE4CBB0}
		{89752429-802B-4D05-9594-A92DA6D7517C} = {BA2C8283-91B9-4EDD-BF16-0426B7730170}
		{094CEA87-94FE-4CCD-A636-433E99B084D7} = {BA2C8283-91B9-4EDD-BF16-0426B7730170}
		{342CE80F-0334-4F97-8A93-7ACD8ED9FCED} = {BA2C8283-91B9-4EDD-BF16-0426B7730170}
	EndGlobalSection
	GlobalSection(ExtensibilityGlobals) = postSolution
		SolutionGuid = {2B900BA3-381D-45A4-8374-F193D2EF37CE}
	EndGlobalSection
EndGlobal
