
Microsoft Visual Studio Solution File, Format Version 12.00
# Visual Studio Version 16
VisualStudioVersion = 16.0.33927.289
MinimumVisualStudioVersion = 10.0.40219.1
Project("{2150E333-8FDC-42A3-9474-1A3956D46DE8}") = "Task0", "Task0", "{6DBA6F2C-3736-4091-8651-A5CF1FE4CBB0}"
EndProject
Project("{FAE04EC0-301F-11D3-BF4B-00C04F79EFBC}") = "Tyuiu.AleevRI.Sprint2.Task0.V18", "Tyuiu.AleevRI.Sprint2.Task0.V18\Tyuiu.AleevRI.Sprint2.Task0.V18.csproj", "{91DAF8A7-BFCC-49B1-88E7-0DC1E0491BF0}"
EndProject
Project("{FAE04EC0-301F-11D3-BF4B-00C04F79EFBC}") = "Tyuiu.AleevRI.Sprint2.Task0.V18.Lib", "Tyuiu.AleevRI.Sprint2.Task0.V18.Lib\Tyuiu.AleevRI.Sprint2.Task0.V18.Lib.csproj", "{75D8092E-00BD-4D64-A59C-5FFF78FACFCE}"
EndProject
Project("{FAE04EC0-301F-11D3-BF4B-00C04F79EFBC}") = "Tyuiu.AleevRI.Sprint2.Task0.V18.Test", "Tyuiu.AleevRI.Sprint2.Task0.V18.Test\Tyuiu.AleevRI.Sprint2.Task0.V18.Test.csproj", "{6BBACA62-7B37-473D-935C-801B1B49546E}"
EndProject
Project("{2150E333-8FDC-42A3-9474-1A3956D46DE8}") = "Task1", "Task1", "{BA2C8283-91B9-4EDD-BF16-0426B7730170}"
EndProject
Project("{FAE04EC0-301F-11D3-BF4B-00C04F79EFBC}") = "Tyuiu.AleevRI.Sprint2.Task1.V14", "Tyuiu.AleevRI.Sprint2.Task1.V14\Tyuiu.AleevRI.Sprint2.Task1.V14.csproj", "{89752429-802B-4D05-9594-A92DA6D7517C}"
EndProject
Project("{FAE04EC0-301F-11D3-BF4B-00C04F79EFBC}") = "Tyuiu.AleevRI.Sprint2.Task1.V14.Lib", "Tyuiu.AleevRI.Sprint2.Task1.V14.Lib\Tyuiu.AleevRI.Sprint2.Task1.V14.Lib.csproj", "{094CEA87-94FE-4CCD-A636-433E99B084D7}"
EndProject
Project("{FAE04EC0-301F-11D3-BF4B-00C04F79EFBC}") = "Tyuiu.AleevRI.Sprint2.Task1.V14.Test", "Tyuiu.AleevRI.Sprint2.Task1.V14.Test\Tyuiu.AleevRI.Sprint2.Task1.V14.Test.csproj", "{342CE80F-0334-4F97-8A93-7ACD8ED9FCED}"
EndProject
Project("{2150E333-8FDC-42A3-9474-1A3956D46DE8}") = "Task2", "Task2", "{D233ED8B-B5C7-457F-AA59-642AD3892548}"
EndProject
Project("{FAE04EC0-301F-11D3-BF4B-00C04F79EFBC}") = "Tyuiu.AleevRI.Sprint2.Task2.V14", "Tyuiu.AleevRI.Sprint2.Task2.V14\Tyuiu.AleevRI.Sprint2.Task2.V14.csproj", "{D9687FB4-1A35-4B81-91FD-043721F96C00}"
EndProject
Project("{FAE04EC0-301F-11D3-BF4B-00C04F79EFBC}") = "Tyuiu.AleevRI.Sprint2.Task2.V14.Lib", "Tyuiu.AleevRI.Sprint2.Task2.V14.Lib\Tyuiu.AleevRI.Sprint2.Task2.V14.Lib.csproj", "{01288A26-329C-437B-A9D4-5FB5B0CD40DA}"
EndProject
Project("{FAE04EC0-301F-11D3-BF4B-00C04F79EFBC}") = "Tyuiu.AleevRI.Sprint2.Task2.V14.Test", "Tyuiu.AleevRI.Sprint2.Task2.V14.Test\Tyuiu.AleevRI.Sprint2.Task2.V14.Test.csproj", "{0186C9E4-309C-4ADD-A762-87066ACE318B}"
EndProject
Project("{2150E333-8FDC-42A3-9474-1A3956D46DE8}") = "Task3", "Task3", "{428B59EA-5A02-4ECA-8E72-24D605B988AF}"
EndProject
Project("{FAE04EC0-301F-11D3-BF4B-00C04F79EFBC}") = "Tyuiu.AleevRI.Sprint2.Task3.V8", "Tyuiu.AleevRI.Sprint2.Task3.V8\Tyuiu.AleevRI.Sprint2.Task3.V8.csproj", "{980C9932-8E7D-4E81-A8DE-829305C6176F}"
EndProject
Project("{FAE04EC0-301F-11D3-BF4B-00C04F79EFBC}") = "Tyuiu.AleevRI.Sprint2.Task3.V8.Lib", "Tyuiu.AleevRI.Sprint2.Task3.V8.Lib\Tyuiu.AleevRI.Sprint2.Task3.V8.Lib.csproj", "{29875DDB-55DD-4C33-8781-7738017E2F2D}"
EndProject
Project("{FAE04EC0-301F-11D3-BF4B-00C04F79EFBC}") = "Tyuiu.AleevRI.Sprint2.Task3.V8.Test", "Tyuiu.AleevRI.Sprint2.Task3.V8.Test\Tyuiu.AleevRI.Sprint2.Task3.V8.Test.csproj", "{1B0DB250-3E9E-470A-B9CF-DCA890BB6F19}"
EndProject
Project("{2150E333-8FDC-42A3-9474-1A3956D46DE8}") = "Task4", "Task4", "{4FBDBD9F-7D85-4DF7-9F49-9346A032E40C}"
EndProject
Project("{FAE04EC0-301F-11D3-BF4B-00C04F79EFBC}") = "Tyuiu.AleevRI.Sprint2.Task4.V10", "Tyuiu.AleevRI.Sprint2.Task4.V10\Tyuiu.AleevRI.Sprint2.Task4.V10.csproj", "{117715C8-C231-4318-85BA-F541EBCA17EE}"
EndProject
Project("{FAE04EC0-301F-11D3-BF4B-00C04F79EFBC}") = "Tyuiu.AleevRI.Sprint2.Task4.V10.Lib", "Tyuiu.AleevRI.Sprint2.Task4.V10.Lib\Tyuiu.AleevRI.Sprint2.Task4.V10.Lib.csproj", "{BDF143F7-051D-4CC7-B09C-589DEC651268}"
EndProject
Project("{FAE04EC0-301F-11D3-BF4B-00C04F79EFBC}") = "Tyuiu.AleevRI.Sprint2.Task4.V10.Test", "Tyuiu.AleevRI.Sprint2.Task4.V10.Test\Tyuiu.AleevRI.Sprint2.Task4.V10.Test.csproj", "{BFE1A68E-EA9F-4A03-B7E9-153CB6748159}"
EndProject
Project("{2150E333-8FDC-42A3-9474-1A3956D46DE8}") = "Task5", "Task5", "{E6F962A7-F0F3-44C1-9509-D004B45A014F}"
EndProject
Project("{FAE04EC0-301F-11D3-BF4B-00C04F79EFBC}") = "Tyuiu.AleevRI.Sprint2.Task5.V15", "Tyuiu.AleevRI.Sprint2.Task5.V15\Tyuiu.AleevRI.Sprint2.Task5.V15.csproj", "{4E420102-1D99-4D2C-9686-EF935CA3A47A}"
EndProject
Project("{FAE04EC0-301F-11D3-BF4B-00C04F79EFBC}") = "Tyuiu.AleevRI.Sprint2.Task5.V15.Lib", "Tyuiu.AleevRI.Sprint2.Task5.V15.Lib\Tyuiu.AleevRI.Sprint2.Task5.V15.Lib.csproj", "{89420133-9632-4782-8556-99736C71421E}"
EndProject
Project("{FAE04EC0-301F-11D3-BF4B-00C04F79EFBC}") = "Tyuiu.AleevRI.Sprint2.Task5.V15.Test", "Tyuiu.AleevRI.Sprint2.Task5.V15.Test\Tyuiu.AleevRI.Sprint2.Task5.V15.Test.csproj", "{30EB74CA-64DD-446F-80A3-7A0E33C7EB31}"
EndProject
Project("{2150E333-8FDC-42A3-9474-1A3956D46DE8}") = "Task6", "Task6", "{85C8848B-52A9-43B6-9D63-D1311D6BD28A}"
EndProject
Project("{FAE04EC0-301F-11D3-BF4B-00C04F79EFBC}") = "Tyuiu.AleevRI.Sprint2.Task6.V9", "Tyuiu.AleevRI.Sprint2.Task6.V9\Tyuiu.AleevRI.Sprint2.Task6.V9.csproj", "{3473BCF9-823C-49FA-854A-C878AA30F378}"
EndProject
Project("{FAE04EC0-301F-11D3-BF4B-00C04F79EFBC}") = "Tyuiu.AleevRI.Sprint2.Task6.V9.Lib", "Tyuiu.AleevRI.Sprint2.Task6.V9.Lib\Tyuiu.AleevRI.Sprint2.Task6.V9.Lib.csproj", "{F2FAC8B9-6797-4872-8237-FAB507D0F0A1}"
EndProject
Project("{FAE04EC0-301F-11D3-BF4B-00C04F79EFBC}") = "Tyuiu.AleevRI.Sprint2.Task6.V9.Test", "Tyuiu.AleevRI.Sprint2.Task6.V9.Test\Tyuiu.AleevRI.Sprint2.Task6.V9.Test.csproj", "{3A2D0445-6D5D-4E59-8C7C-24EA07EA5D78}"
EndProject
Project("{2150E333-8FDC-42A3-9474-1A3956D46DE8}") = "Task7", "Task7", "{FC4D57B7-394B-45FF-AAB9-AFF21C0BCAB0}"
EndProject
Project("{FAE04EC0-301F-11D3-BF4B-00C04F79EFBC}") = "Tyuiu.AleevRI.Sprint2.Task7.V8", "Tyuiu.AleevRI.Sprint2.Task7.V8\Tyuiu.AleevRI.Sprint2.Task7.V8.csproj", "{B6C01C21-EA3A-4994-970D-E08D47B24E74}"
EndProject
Project("{FAE04EC0-301F-11D3-BF4B-00C04F79EFBC}") = "Tyuiu.AleevRI.Sprint2.Task7.V8.Lib", "Tyuiu.AleevRI.Sprint2.Task7.V8.Lib\Tyuiu.AleevRI.Sprint2.Task7.V8.Lib.csproj", "{0A9CD858-679B-4DCC-8219-353BF757A4E7}"
EndProject
Project("{FAE04EC0-301F-11D3-BF4B-00C04F79EFBC}") = "Tyuiu.AleevRI.Sprint2.Task7.V8.Test", "Tyuiu.AleevRI.Sprint2.Task7.V8.Test\Tyuiu.AleevRI.Sprint2.Task7.V8.Test.csproj", "{2BBAE6E6-830C-42DF-8535-89B54189D9E1}"
EndProject
Global
	GlobalSection(SolutionConfigurationPlatforms) = preSolution
		Debug|Any CPU = Debug|Any CPU
		Release|Any CPU = Release|Any CPU
	EndGlobalSection
	GlobalSection(ProjectConfigurationPlatforms) = postSolution
		{91DAF8A7-BFCC-49B1-88E7-0DC1E0491BF0}.Debug|Any CPU.ActiveCfg = Debug|Any CPU
		{91DAF8A7-BFCC-49B1-88E7-0DC1E0491BF0}.Debug|Any CPU.Build.0 = Debug|Any CPU
		{91DAF8A7-BFCC-49B1-88E7-0DC1E0491BF0}.Release|Any CPU.ActiveCfg = Release|Any CPU
		{91DAF8A7-BFCC-49B1-88E7-0DC1E0491BF0}.Release|Any CPU.Build.0 = Release|Any CPU
		{75D8092E-00BD-4D64-A59C-5FFF78FACFCE}.Debug|Any CPU.ActiveCfg = Debug|Any CPU
		{75D8092E-00BD-4D64-A59C-5FFF78FACFCE}.Debug|Any CPU.Build.0 = Debug|Any CPU
		{75D8092E-00BD-4D64-A59C-5FFF78FACFCE}.Release|Any CPU.ActiveCfg = Release|Any CPU
		{75D8092E-00BD-4D64-A59C-5FFF78FACFCE}.Release|Any CPU.Build.0 = Release|Any CPU
		{6BBACA62-7B37-473D-935C-801B1B49546E}.Debug|Any CPU.ActiveCfg = Debug|Any CPU
		{6BBACA62-7B37-473D-935C-801B1B49546E}.Debug|Any CPU.Build.0 = Debug|Any CPU
		{6BBACA62-7B37-473D-935C-801B1B49546E}.Release|Any CPU.ActiveCfg = Release|Any CPU
		{6BBACA62-7B37-473D-935C-801B1B49546E}.Release|Any CPU.Build.0 = Release|Any CPU
		{89752429-802B-4D05-9594-A92DA6D7517C}.Debug|Any CPU.ActiveCfg = Debug|Any CPU
		{89752429-802B-4D05-9594-A92DA6D7517C}.Debug|Any CPU.Build.0 = Debug|Any CPU
		{89752429-802B-4D05-9594-A92DA6D7517C}.Release|Any CPU.ActiveCfg = Release|Any CPU
		{89752429-802B-4D05-9594-A92DA6D7517C}.Release|Any CPU.Build.0 = Release|Any CPU
		{094CEA87-94FE-4CCD-A636-433E99B084D7}.Debug|Any CPU.ActiveCfg = Debug|Any CPU
		{094CEA87-94FE-4CCD-A636-433E99B084D7}.Debug|Any CPU.Build.0 = Debug|Any CPU
		{094CEA87-94FE-4CCD-A636-433E99B084D7}.Release|Any CPU.ActiveCfg = Release|Any CPU
		{094CEA87-94FE-4CCD-A636-433E99B084D7}.Release|Any CPU.Build.0 = Release|Any CPU
		{342CE80F-0334-4F97-8A93-7ACD8ED9FCED}.Debug|Any CPU.ActiveCfg = Debug|Any CPU
		{342CE80F-0334-4F97-8A93-7ACD8ED9FCED}.Debug|Any CPU.Build.0 = Debug|Any CPU
		{342CE80F-0334-4F97-8A93-7ACD8ED9FCED}.Release|Any CPU.ActiveCfg = Release|Any CPU
		{342CE80F-0334-4F97-8A93-7ACD8ED9FCED}.Release|Any CPU.Build.0 = Release|Any CPU
		{D9687FB4-1A35-4B81-91FD-043721F96C00}.Debug|Any CPU.ActiveCfg = Debug|Any CPU
		{D9687FB4-1A35-4B81-91FD-043721F96C00}.Debug|Any CPU.Build.0 = Debug|Any CPU
		{D9687FB4-1A35-4B81-91FD-043721F96C00}.Release|Any CPU.ActiveCfg = Release|Any CPU
		{D9687FB4-1A35-4B81-91FD-043721F96C00}.Release|Any CPU.Build.0 = Release|Any CPU
		{01288A26-329C-437B-A9D4-5FB5B0CD40DA}.Debug|Any CPU.ActiveCfg = Debug|Any CPU
		{01288A26-329C-437B-A9D4-5FB5B0CD40DA}.Debug|Any CPU.Build.0 = Debug|Any CPU
		{01288A26-329C-437B-A9D4-5FB5B0CD40DA}.Release|Any CPU.ActiveCfg = Release|Any CPU
		{01288A26-329C-437B-A9D4-5FB5B0CD40DA}.Release|Any CPU.Build.0 = Release|Any CPU
		{0186C9E4-309C-4ADD-A762-87066ACE318B}.Debug|Any CPU.ActiveCfg = Debug|Any CPU
		{0186C9E4-309C-4ADD-A762-87066ACE318B}.Debug|Any CPU.Build.0 = Debug|Any CPU
		{0186C9E4-309C-4ADD-A762-87066ACE318B}.Release|Any CPU.ActiveCfg = Release|Any CPU
		{0186C9E4-309C-4ADD-A762-87066ACE318B}.Release|Any CPU.Build.0 = Release|Any CPU
		{980C9932-8E7D-4E81-A8DE-829305C6176F}.Debug|Any CPU.ActiveCfg = Debug|Any CPU
		{980C9932-8E7D-4E81-A8DE-829305C6176F}.Debug|Any CPU.Build.0 = Debug|Any CPU
		{980C9932-8E7D-4E81-A8DE-829305C6176F}.Release|Any CPU.ActiveCfg = Release|Any CPU
		{980C9932-8E7D-4E81-A8DE-829305C6176F}.Release|Any CPU.Build.0 = Release|Any CPU
		{29875DDB-55DD-4C33-8781-7738017E2F2D}.Debug|Any CPU.ActiveCfg = Debug|Any CPU
		{29875DDB-55DD-4C33-8781-7738017E2F2D}.Debug|Any CPU.Build.0 = Debug|Any CPU
		{29875DDB-55DD-4C33-8781-7738017E2F2D}.Release|Any CPU.ActiveCfg = Release|Any CPU
		{29875DDB-55DD-4C33-8781-7738017E2F2D}.Release|Any CPU.Build.0 = Release|Any CPU
		{1B0DB250-3E9E-470A-B9CF-DCA890BB6F19}.Debug|Any CPU.ActiveCfg = Debug|Any CPU
		{1B0DB250-3E9E-470A-B9CF-DCA890BB6F19}.Debug|Any CPU.Build.0 = Debug|Any CPU
		{1B0DB250-3E9E-470A-B9CF-DCA890BB6F19}.Release|Any CPU.ActiveCfg = Release|Any CPU
		{1B0DB250-3E9E-470A-B9CF-DCA890BB6F19}.Release|Any CPU.Build.0 = Release|Any CPU
		{117715C8-C231-4318-85BA-F541EBCA17EE}.Debug|Any CPU.ActiveCfg = Debug|Any CPU
		{117715C8-C231-4318-85BA-F541EBCA17EE}.Debug|Any CPU.Build.0 = Debug|Any CPU
		{117715C8-C231-4318-85BA-F541EBCA17EE}.Release|Any CPU.ActiveCfg = Release|Any CPU
		{117715C8-C231-4318-85BA-F541EBCA17EE}.Release|Any CPU.Build.0 = Release|Any CPU
		{BDF143F7-051D-4CC7-B09C-589DEC651268}.Debug|Any CPU.ActiveCfg = Debug|Any CPU
		{BDF143F7-051D-4CC7-B09C-589DEC651268}.Debug|Any CPU.Build.0 = Debug|Any CPU
		{BDF143F7-051D-4CC7-B09C-589DEC651268}.Release|Any CPU.ActiveCfg = Release|Any CPU
		{BDF143F7-051D-4CC7-B09C-589DEC651268}.Release|Any CPU.Build.0 = Release|Any CPU
		{BFE1A68E-EA9F-4A03-B7E9-153CB6748159}.Debug|Any CPU.ActiveCfg = Debug|Any CPU
		{BFE1A68E-EA9F-4A03-B7E9-153CB6748159}.Debug|Any CPU.Build.0 = Debug|Any CPU
		{BFE1A68E-EA9F-4A03-B7E9-153CB6748159}.Release|Any CPU.ActiveCfg = Release|Any CPU
		{BFE1A68E-EA9F-4A03-B7E9-153CB6748159}.Release|Any CPU.Build.0 = Release|Any CPU
		{4E420102-1D99-4D2C-9686-EF935CA3A47A}.Debug|Any CPU.ActiveCfg = Debug|Any CPU
		{4E420102-1D99-4D2C-9686-EF935CA3A47A}.Debug|Any CPU.Build.0 = Debug|Any CPU
		{4E420102-1D99-4D2C-9686-EF935CA3A47A}.Release|Any CPU.ActiveCfg = Release|Any CPU
		{4E420102-1D99-4D2C-9686-EF935CA3A47A}.Release|Any CPU.Build.0 = Release|Any CPU
		{89420133-9632-4782-8556-99736C71421E}.Debug|Any CPU.ActiveCfg = Debug|Any CPU
		{89420133-9632-4782-8556-99736C71421E}.Debug|Any CPU.Build.0 = Debug|Any CPU
		{89420133-9632-4782-8556-99736C71421E}.Release|Any CPU.ActiveCfg = Release|Any CPU
		{89420133-9632-4782-8556-99736C71421E}.Release|Any CPU.Build.0 = Release|Any CPU
		{30EB74CA-64DD-446F-80A3-7A0E33C7EB31}.Debug|Any CPU.ActiveCfg = Debug|Any CPU
		{30EB74CA-64DD-446F-80A3-7A0E33C7EB31}.Debug|Any CPU.Build.0 = Debug|Any CPU
		{30EB74CA-64DD-446F-80A3-7A0E33C7EB31}.Release|Any CPU.ActiveCfg = Release|Any CPU
		{30EB74CA-64DD-446F-80A3-7A0E33C7EB31}.Release|Any CPU.Build.0 = Release|Any CPU
		{3473BCF9-823C-49FA-854A-C878AA30F378}.Debug|Any CPU.ActiveCfg = Debug|Any CPU
		{3473BCF9-823C-49FA-854A-C878AA30F378}.Debug|Any CPU.Build.0 = Debug|Any CPU
		{3473BCF9-823C-49FA-854A-C878AA30F378}.Release|Any CPU.ActiveCfg = Release|Any CPU
		{3473BCF9-823C-49FA-854A-C878AA30F378}.Release|Any CPU.Build.0 = Release|Any CPU
		{F2FAC8B9-6797-4872-8237-FAB507D0F0A1}.Debug|Any CPU.ActiveCfg = Debug|Any CPU
		{F2FAC8B9-6797-4872-8237-FAB507D0F0A1}.Debug|Any CPU.Build.0 = Debug|Any CPU
		{F2FAC8B9-6797-4872-8237-FAB507D0F0A1}.Release|Any CPU.ActiveCfg = Release|Any CPU
		{F2FAC8B9-6797-4872-8237-FAB507D0F0A1}.Release|Any CPU.Build.0 = Release|Any CPU
		{3A2D0445-6D5D-4E59-8C7C-24EA07EA5D78}.Debug|Any CPU.ActiveCfg = Debug|Any CPU
		{3A2D0445-6D5D-4E59-8C7C-24EA07EA5D78}.Debug|Any CPU.Build.0 = Debug|Any CPU
		{3A2D0445-6D5D-4E59-8C7C-24EA07EA5D78}.Release|Any CPU.ActiveCfg = Release|Any CPU
		{3A2D0445-6D5D-4E59-8C7C-24EA07EA5D78}.Release|Any CPU.Build.0 = Release|Any CPU
		{B6C01C21-EA3A-4994-970D-E08D47B24E74}.Debug|Any CPU.ActiveCfg = Debug|Any CPU
		{B6C01C21-EA3A-4994-970D-E08D47B24E74}.Debug|Any CPU.Build.0 = Debug|Any CPU
		{B6C01C21-EA3A-4994-970D-E08D47B24E74}.Release|Any CPU.ActiveCfg = Release|Any CPU
		{B6C01C21-EA3A-4994-970D-E08D47B24E74}.Release|Any CPU.Build.0 = Release|Any CPU
		{0A9CD858-679B-4DCC-8219-353BF757A4E7}.Debug|Any CPU.ActiveCfg = Debug|Any CPU
		{0A9CD858-679B-4DCC-8219-353BF757A4E7}.Debug|Any CPU.Build.0 = Debug|Any CPU
		{0A9CD858-679B-4DCC-8219-353BF757A4E7}.Release|Any CPU.ActiveCfg = Release|Any CPU
		{0A9CD858-679B-4DCC-8219-353BF757A4E7}.Release|Any CPU.Build.0 = Release|Any CPU
		{2BBAE6E6-830C-42DF-8535-89B54189D9E1}.Debug|Any CPU.ActiveCfg = Debug|Any CPU
		{2BBAE6E6-830C-42DF-8535-89B54189D9E1}.Debug|Any CPU.Build.0 = Debug|Any CPU
		{2BBAE6E6-830C-42DF-8535-89B54189D9E1}.Release|Any CPU.ActiveCfg = Release|Any CPU
		{2BBAE6E6-830C-42DF-8535-89B54189D9E1}.Release|Any CPU.Build.0 = Release|Any CPU
	EndGlobalSection
	GlobalSection(SolutionProperties) = preSolution
		HideSolutionNode = FALSE
	EndGlobalSection
	GlobalSection(NestedProjects) = preSolution
		{91DAF8A7-BFCC-49B1-88E7-0DC1E0491BF0} = {6DBA6F2C-3736-4091-8651-A5CF1FE4CBB0}
		{75D8092E-00BD-4D64-A59C-5FFF78FACFCE} = {6DBA6F2C-3736-4091-8651-A5CF1FE4CBB0}
		{6BBACA62-7B37-473D-935C-801B1B49546E} = {6DBA6F2C-3736-4091-8651-A5CF1FE4CBB0}
		{89752429-802B-4D05-9594-A92DA6D7517C} = {BA2C8283-91B9-4EDD-BF16-0426B7730170}
		{094CEA87-94FE-4CCD-A636-433E99B084D7} = {BA2C8283-91B9-4EDD-BF16-0426B7730170}
		{342CE80F-0334-4F97-8A93-7ACD8ED9FCED} = {BA2C8283-91B9-4EDD-BF16-0426B7730170}
		{D9687FB4-1A35-4B81-91FD-043721F96C00} = {D233ED8B-B5C7-457F-AA59-642AD3892548}
		{01288A26-329C-437B-A9D4-5FB5B0CD40DA} = {D233ED8B-B5C7-457F-AA59-642AD3892548}
		{0186C9E4-309C-4ADD-A762-87066ACE318B} = {D233ED8B-B5C7-457F-AA59-642AD3892548}
		{980C9932-8E7D-4E81-A8DE-829305C6176F} = {428B59EA-5A02-4ECA-8E72-24D605B988AF}
		{29875DDB-55DD-4C33-8781-7738017E2F2D} = {428B59EA-5A02-4ECA-8E72-24D605B988AF}
		{1B0DB250-3E9E-470A-B9CF-DCA890BB6F19} = {428B59EA-5A02-4ECA-8E72-24D605B988AF}
		{117715C8-C231-4318-85BA-F541EBCA17EE} = {4FBDBD9F-7D85-4DF7-9F49-9346A032E40C}
		{BDF143F7-051D-4CC7-B09C-589DEC651268} = {4FBDBD9F-7D85-4DF7-9F49-9346A032E40C}
		{BFE1A68E-EA9F-4A03-B7E9-153CB6748159} = {4FBDBD9F-7D85-4DF7-9F49-9346A032E40C}
		{4E420102-1D99-4D2C-9686-EF935CA3A47A} = {E6F962A7-F0F3-44C1-9509-D004B45A014F}
		{89420133-9632-4782-8556-99736C71421E} = {E6F962A7-F0F3-44C1-9509-D004B45A014F}
		{30EB74CA-64DD-446F-80A3-7A0E33C7EB31} = {E6F962A7-F0F3-44C1-9509-D004B45A014F}
		{3473BCF9-823C-49FA-854A-C878AA30F378} = {85C8848B-52A9-43B6-9D63-D1311D6BD28A}
		{F2FAC8B9-6797-4872-8237-FAB507D0F0A1} = {85C8848B-52A9-43B6-9D63-D1311D6BD28A}
		{3A2D0445-6D5D-4E59-8C7C-24EA07EA5D78} = {85C8848B-52A9-43B6-9D63-D1311D6BD28A}
		{B6C01C21-EA3A-4994-970D-E08D47B24E74} = {FC4D57B7-394B-45FF-AAB9-AFF21C0BCAB0}
		{0A9CD858-679B-4DCC-8219-353BF757A4E7} = {FC4D57B7-394B-45FF-AAB9-AFF21C0BCAB0}
		{2BBAE6E6-830C-42DF-8535-89B54189D9E1} = {FC4D57B7-394B-45FF-AAB9-AFF21C0BCAB0}
	EndGlobalSection
	GlobalSection(ExtensibilityGlobals) = postSolution
		SolutionGuid = {2B900BA3-381D-45A4-8374-F193D2EF37CE}
	EndGlobalSection
EndGlobal
